
Microsoft Visual Studio Solution File, Format Version 12.00
# Visual Studio Version 16
VisualStudioVersion = 16.0.29123.88
MinimumVisualStudioVersion = 10.0.40219.1
Project("{FAE04EC0-301F-11D3-BF4B-00C04F79EFBC}") = "FirstProject", "FirstProject\FirstProject.csproj", "{D8E525FB-3286-4E5F-AC3C-7CAE74DE2DA9}"
EndProject
Global
	GlobalSection(SolutionConfigurationPlatforms) = preSolution
		Debug|Any CPU = Debug|Any CPU
		Release|Any CPU = Release|Any CPU
	EndGlobalSection
	GlobalSection(ProjectConfigurationPlatforms) = postSolution
		{D8E525FB-3286-4E5F-AC3C-7CAE74DE2DA9}.Debug|Any CPU.ActiveCfg = Debug|Any CPU
		{D8E525FB-3286-4E5F-AC3C-7CAE74DE2DA9}.Debug|Any CPU.Build.0 = Debug|Any CPU
		{D8E525FB-3286-4E5F-AC3C-7CAE74DE2DA9}.Release|Any CPU.ActiveCfg = Release|Any CPU
		{D8E525FB-3286-4E5F-AC3C-7CAE74DE2DA9}.Release|Any CPU.Build.0 = Release|Any CPU
	EndGlobalSection
	GlobalSection(SolutionProperties) = preSolution
		HideSolutionNode = FALSE
	EndGlobalSection
	GlobalSection(ExtensibilityGlobals) = postSolution
		SolutionGuid = {DD340C4C-4B00-44E3-A70B-09FCF81BB199}
	EndGlobalSection
EndGlobal
